
Microsoft Visual Studio Solution File, Format Version 12.00
# Visual Studio Version 17
VisualStudioVersion = 17.0.31903.59
MinimumVisualStudioVersion = 10.0.40219.1
Project("{2150E333-8FDC-42A3-9474-1A3956D46DE8}") = "src", "src", "{827E0CD3-B72D-47B6-A68D-7590B98EB39B}"
EndProject
Project("{FAE04EC0-301F-11D3-BF4B-00C04F79EFBC}") = "nexus.host", "src\nexus.host\nexus.host.csproj", "{55630845-3D43-4D5E-9AC9-64818A3611CD}"
EndProject
Project("{FAE04EC0-301F-11D3-BF4B-00C04F79EFBC}") = "nexus.core", "src\nexus.core\nexus.core.csproj", "{7072A24B-7A59-460B-AD9B-2335CE39E6DD}"
EndProject
Project("{FAE04EC0-301F-11D3-BF4B-00C04F79EFBC}") = "nexus.infrastructure.Windows", "src\nexus.infrastructure.Windows\nexus.infrastructure.Windows.csproj", "{AD0A2F2E-3041-409F-8F21-2F6D138E95FF}"
EndProject
Project("{FAE04EC0-301F-11D3-BF4B-00C04F79EFBC}") = "nexus.infrastructure.Linux", "src\nexus.infrastructure.Linux\nexus.infrastructure.Linux.csproj", "{FA73CFE7-6A70-48FF-8A94-C266766CCD9B}"
EndProject
Project("{FAE04EC0-301F-11D3-BF4B-00C04F79EFBC}") = "nexus.shared", "src\nexus.shared\nexus.shared.csproj", "{A539420B-CE39-483A-9A03-BD0D544826F7}"
EndProject
Project("{2150E333-8FDC-42A3-9474-1A3956D46DE8}") = "tests", "tests", "{0AB3BF05-4346-4AA6-1389-037BE0695223}"
EndProject
Project("{FAE04EC0-301F-11D3-BF4B-00C04F79EFBC}") = "nexus.tests", "tests\nexus.tests\nexus.tests.csproj", "{D08E2CB8-43EF-4C72-9BCD-C0DAB3492B87}"
EndProject
Global
	GlobalSection(SolutionConfigurationPlatforms) = preSolution
		Debug|Any CPU = Debug|Any CPU
		Debug|x64 = Debug|x64
		Debug|x86 = Debug|x86
		Release|Any CPU = Release|Any CPU
		Release|x64 = Release|x64
		Release|x86 = Release|x86
	EndGlobalSection
	GlobalSection(ProjectConfigurationPlatforms) = postSolution
		{55630845-3D43-4D5E-9AC9-64818A3611CD}.Debug|Any CPU.ActiveCfg = Debug|Any CPU
		{55630845-3D43-4D5E-9AC9-64818A3611CD}.Debug|Any CPU.Build.0 = Debug|Any CPU
		{55630845-3D43-4D5E-9AC9-64818A3611CD}.Debug|x64.ActiveCfg = Debug|Any CPU
		{55630845-3D43-4D5E-9AC9-64818A3611CD}.Debug|x64.Build.0 = Debug|Any CPU
		{55630845-3D43-4D5E-9AC9-64818A3611CD}.Debug|x86.ActiveCfg = Debug|Any CPU
		{55630845-3D43-4D5E-9AC9-64818A3611CD}.Debug|x86.Build.0 = Debug|Any CPU
		{55630845-3D43-4D5E-9AC9-64818A3611CD}.Release|Any CPU.ActiveCfg = Release|Any CPU
		{55630845-3D43-4D5E-9AC9-64818A3611CD}.Release|Any CPU.Build.0 = Release|Any CPU
		{55630845-3D43-4D5E-9AC9-64818A3611CD}.Release|x64.ActiveCfg = Release|Any CPU
		{55630845-3D43-4D5E-9AC9-64818A3611CD}.Release|x64.Build.0 = Release|Any CPU
		{55630845-3D43-4D5E-9AC9-64818A3611CD}.Release|x86.ActiveCfg = Release|Any CPU
		{55630845-3D43-4D5E-9AC9-64818A3611CD}.Release|x86.Build.0 = Release|Any CPU
		{7072A24B-7A59-460B-AD9B-2335CE39E6DD}.Debug|Any CPU.ActiveCfg = Debug|Any CPU
		{7072A24B-7A59-460B-AD9B-2335CE39E6DD}.Debug|Any CPU.Build.0 = Debug|Any CPU
		{7072A24B-7A59-460B-AD9B-2335CE39E6DD}.Debug|x64.ActiveCfg = Debug|Any CPU
		{7072A24B-7A59-460B-AD9B-2335CE39E6DD}.Debug|x64.Build.0 = Debug|Any CPU
		{7072A24B-7A59-460B-AD9B-2335CE39E6DD}.Debug|x86.ActiveCfg = Debug|Any CPU
		{7072A24B-7A59-460B-AD9B-2335CE39E6DD}.Debug|x86.Build.0 = Debug|Any CPU
		{7072A24B-7A59-460B-AD9B-2335CE39E6DD}.Release|Any CPU.ActiveCfg = Release|Any CPU
		{7072A24B-7A59-460B-AD9B-2335CE39E6DD}.Release|Any CPU.Build.0 = Release|Any CPU
		{7072A24B-7A59-460B-AD9B-2335CE39E6DD}.Release|x64.ActiveCfg = Release|Any CPU
		{7072A24B-7A59-460B-AD9B-2335CE39E6DD}.Release|x64.Build.0 = Release|Any CPU
		{7072A24B-7A59-460B-AD9B-2335CE39E6DD}.Release|x86.ActiveCfg = Release|Any CPU
		{7072A24B-7A59-460B-AD9B-2335CE39E6DD}.Release|x86.Build.0 = Release|Any CPU
		{AD0A2F2E-3041-409F-8F21-2F6D138E95FF}.Debug|Any CPU.ActiveCfg = Debug|Any CPU
		{AD0A2F2E-3041-409F-8F21-2F6D138E95FF}.Debug|Any CPU.Build.0 = Debug|Any CPU
		{AD0A2F2E-3041-409F-8F21-2F6D138E95FF}.Debug|x64.ActiveCfg = Debug|Any CPU
		{AD0A2F2E-3041-409F-8F21-2F6D138E95FF}.Debug|x64.Build.0 = Debug|Any CPU
		{AD0A2F2E-3041-409F-8F21-2F6D138E95FF}.Debug|x86.ActiveCfg = Debug|Any CPU
		{AD0A2F2E-3041-409F-8F21-2F6D138E95FF}.Debug|x86.Build.0 = Debug|Any CPU
		{AD0A2F2E-3041-409F-8F21-2F6D138E95FF}.Release|Any CPU.ActiveCfg = Release|Any CPU
		{AD0A2F2E-3041-409F-8F21-2F6D138E95FF}.Release|Any CPU.Build.0 = Release|Any CPU
		{AD0A2F2E-3041-409F-8F21-2F6D138E95FF}.Release|x64.ActiveCfg = Release|Any CPU
		{AD0A2F2E-3041-409F-8F21-2F6D138E95FF}.Release|x64.Build.0 = Release|Any CPU
		{AD0A2F2E-3041-409F-8F21-2F6D138E95FF}.Release|x86.ActiveCfg = Release|Any CPU
		{AD0A2F2E-3041-409F-8F21-2F6D138E95FF}.Release|x86.Build.0 = Release|Any CPU
		{FA73CFE7-6A70-48FF-8A94-C266766CCD9B}.Debug|Any CPU.ActiveCfg = Debug|Any CPU
		{FA73CFE7-6A70-48FF-8A94-C266766CCD9B}.Debug|Any CPU.Build.0 = Debug|Any CPU
		{FA73CFE7-6A70-48FF-8A94-C266766CCD9B}.Debug|x64.ActiveCfg = Debug|Any CPU
		{FA73CFE7-6A70-48FF-8A94-C266766CCD9B}.Debug|x64.Build.0 = Debug|Any CPU
		{FA73CFE7-6A70-48FF-8A94-C266766CCD9B}.Debug|x86.ActiveCfg = Debug|Any CPU
		{FA73CFE7-6A70-48FF-8A94-C266766CCD9B}.Debug|x86.Build.0 = Debug|Any CPU
		{FA73CFE7-6A70-48FF-8A94-C266766CCD9B}.Release|Any CPU.ActiveCfg = Release|Any CPU
		{FA73CFE7-6A70-48FF-8A94-C266766CCD9B}.Release|Any CPU.Build.0 = Release|Any CPU
		{FA73CFE7-6A70-48FF-8A94-C266766CCD9B}.Release|x64.ActiveCfg = Release|Any CPU
		{FA73CFE7-6A70-48FF-8A94-C266766CCD9B}.Release|x64.Build.0 = Release|Any CPU
		{FA73CFE7-6A70-48FF-8A94-C266766CCD9B}.Release|x86.ActiveCfg = Release|Any CPU
		{FA73CFE7-6A70-48FF-8A94-C266766CCD9B}.Release|x86.Build.0 = Release|Any CPU
		{A539420B-CE39-483A-9A03-BD0D544826F7}.Debug|Any CPU.ActiveCfg = Debug|Any CPU
		{A539420B-CE39-483A-9A03-BD0D544826F7}.Debug|Any CPU.Build.0 = Debug|Any CPU
		{A539420B-CE39-483A-9A03-BD0D544826F7}.Debug|x64.ActiveCfg = Debug|Any CPU
		{A539420B-CE39-483A-9A03-BD0D544826F7}.Debug|x64.Build.0 = Debug|Any CPU
		{A539420B-CE39-483A-9A03-BD0D544826F7}.Debug|x86.ActiveCfg = Debug|Any CPU
		{A539420B-CE39-483A-9A03-BD0D544826F7}.Debug|x86.Build.0 = Debug|Any CPU
		{A539420B-CE39-483A-9A03-BD0D544826F7}.Release|Any CPU.ActiveCfg = Release|Any CPU
		{A539420B-CE39-483A-9A03-BD0D544826F7}.Release|Any CPU.Build.0 = Release|Any CPU
		{A539420B-CE39-483A-9A03-BD0D544826F7}.Release|x64.ActiveCfg = Release|Any CPU
		{A539420B-CE39-483A-9A03-BD0D544826F7}.Release|x64.Build.0 = Release|Any CPU
		{A539420B-CE39-483A-9A03-BD0D544826F7}.Release|x86.ActiveCfg = Release|Any CPU
		{A539420B-CE39-483A-9A03-BD0D544826F7}.Release|x86.Build.0 = Release|Any CPU
		{D08E2CB8-43EF-4C72-9BCD-C0DAB3492B87}.Debug|Any CPU.ActiveCfg = Debug|Any CPU
		{D08E2CB8-43EF-4C72-9BCD-C0DAB3492B87}.Debug|Any CPU.Build.0 = Debug|Any CPU
		{D08E2CB8-43EF-4C72-9BCD-C0DAB3492B87}.Debug|x64.ActiveCfg = Debug|Any CPU
		{D08E2CB8-43EF-4C72-9BCD-C0DAB3492B87}.Debug|x64.Build.0 = Debug|Any CPU
		{D08E2CB8-43EF-4C72-9BCD-C0DAB3492B87}.Debug|x86.ActiveCfg = Debug|Any CPU
		{D08E2CB8-43EF-4C72-9BCD-C0DAB3492B87}.Debug|x86.Build.0 = Debug|Any CPU
		{D08E2CB8-43EF-4C72-9BCD-C0DAB3492B87}.Release|Any CPU.ActiveCfg = Release|Any CPU
		{D08E2CB8-43EF-4C72-9BCD-C0DAB3492B87}.Release|Any CPU.Build.0 = Release|Any CPU
		{D08E2CB8-43EF-4C72-9BCD-C0DAB3492B87}.Release|x64.ActiveCfg = Release|Any CPU
		{D08E2CB8-43EF-4C72-9BCD-C0DAB3492B87}.Release|x64.Build.0 = Release|Any CPU
		{D08E2CB8-43EF-4C72-9BCD-C0DAB3492B87}.Release|x86.ActiveCfg = Release|Any CPU
		{D08E2CB8-43EF-4C72-9BCD-C0DAB3492B87}.Release|x86.Build.0 = Release|Any CPU
	EndGlobalSection
	GlobalSection(SolutionProperties) = preSolution
		HideSolutionNode = FALSE
	EndGlobalSection
	GlobalSection(NestedProjects) = preSolution
		{55630845-3D43-4D5E-9AC9-64818A3611CD} = {827E0CD3-B72D-47B6-A68D-7590B98EB39B}
		{7072A24B-7A59-460B-AD9B-2335CE39E6DD} = {827E0CD3-B72D-47B6-A68D-7590B98EB39B}
		{AD0A2F2E-3041-409F-8F21-2F6D138E95FF} = {827E0CD3-B72D-47B6-A68D-7590B98EB39B}
		{FA73CFE7-6A70-48FF-8A94-C266766CCD9B} = {827E0CD3-B72D-47B6-A68D-7590B98EB39B}
		{A539420B-CE39-483A-9A03-BD0D544826F7} = {827E0CD3-B72D-47B6-A68D-7590B98EB39B}
		{D08E2CB8-43EF-4C72-9BCD-C0DAB3492B87} = {0AB3BF05-4346-4AA6-1389-037BE0695223}
	EndGlobalSection
EndGlobal
